
Microsoft Visual Studio Solution File, Format Version 12.00
# Visual Studio Version 16
VisualStudioVersion = 16.0.31313.79
MinimumVisualStudioVersion = 10.0.40219.1
Project("{9A19103F-16F7-4668-BE54-9A1E7A4F7556}") = "ModLibsNet", "ModLibsNet.csproj", "{00571762-A34C-4476-91C9-9D7651428155}"
EndProject
Global
	GlobalSection(SolutionConfigurationPlatforms) = preSolution
		Debug|Any CPU = Debug|Any CPU
		Release|Any CPU = Release|Any CPU
	EndGlobalSection
	GlobalSection(ProjectConfigurationPlatforms) = postSolution
		{00571762-A34C-4476-91C9-9D7651428155}.Debug|Any CPU.ActiveCfg = Debug|Any CPU
		{00571762-A34C-4476-91C9-9D7651428155}.Debug|Any CPU.Build.0 = Debug|Any CPU
		{00571762-A34C-4476-91C9-9D7651428155}.Release|Any CPU.ActiveCfg = Release|Any CPU
		{00571762-A34C-4476-91C9-9D7651428155}.Release|Any CPU.Build.0 = Release|Any CPU
	EndGlobalSection
	GlobalSection(SolutionProperties) = preSolution
		HideSolutionNode = FALSE
	EndGlobalSection
	GlobalSection(ExtensibilityGlobals) = postSolution
		SolutionGuid = {3C50ACF0-53A7-450D-9711-4395945CE54F}
	EndGlobalSection
EndGlobal
